
Microsoft Visual Studio Solution File, Format Version 12.00
# Visual Studio Version 16
VisualStudioVersion = 16.0.31729.503
MinimumVisualStudioVersion = 10.0.40219.1
Project("{FAE04EC0-301F-11D3-BF4B-00C04F79EFBC}") = "M9_W2_Assignment2_2_Security", "M9_W2_Assignment2_2_Security.csproj", "{BAA5C22F-6BFC-442A-A1C3-E488C1E086DF}"
EndProject
Global
	GlobalSection(SolutionConfigurationPlatforms) = preSolution
		Debug|Any CPU = Debug|Any CPU
		Release|Any CPU = Release|Any CPU
	EndGlobalSection
	GlobalSection(ProjectConfigurationPlatforms) = postSolution
		{BAA5C22F-6BFC-442A-A1C3-E488C1E086DF}.Debug|Any CPU.ActiveCfg = Debug|Any CPU
		{BAA5C22F-6BFC-442A-A1C3-E488C1E086DF}.Debug|Any CPU.Build.0 = Debug|Any CPU
		{BAA5C22F-6BFC-442A-A1C3-E488C1E086DF}.Release|Any CPU.ActiveCfg = Release|Any CPU
		{BAA5C22F-6BFC-442A-A1C3-E488C1E086DF}.Release|Any CPU.Build.0 = Release|Any CPU
	EndGlobalSection
	GlobalSection(SolutionProperties) = preSolution
		HideSolutionNode = FALSE
	EndGlobalSection
	GlobalSection(ExtensibilityGlobals) = postSolution
		SolutionGuid = {5EF7D52A-AAF8-448F-8787-EB7B24DD432E}
	EndGlobalSection
EndGlobal
